{
  "version": "3",
  "packages": {
    "specifiers": {
      "jsr:@hono/hono@^4.5.10": "jsr:@hono/hono@4.5.10",
      "jsr:@std/assert@1": "jsr:@std/assert@1.0.3",
      "jsr:@std/cli@^1.0.4": "jsr:@std/cli@1.0.4",
      "jsr:@std/dotenv@^0.225.1": "jsr:@std/dotenv@0.225.1",
      "jsr:@std/internal@^1.0.2": "jsr:@std/internal@1.0.2",
      "npm:@discordeno/bot": "npm:@discordeno/bot@19.0.0-next.6584a3b",
      "npm:@line/bot-sdk@^9.3.1": "npm:@line/bot-sdk@9.3.1",
      "npm:ky@^1.7.1": "npm:ky@1.7.1"
    },
    "jsr": {
      "@hono/hono@4.5.10": {
        "integrity": "801fe47e233b53480322f7a17c621ceb5e9b4335e5fdc14cfc0c7696e8396c34"
      },
      "@std/assert@1.0.3": {
        "integrity": "b0d03ce1ced880df67132eea140623010d415848df66f6aa5df76507ca7c26d8",
        "dependencies": [
          "jsr:@std/internal@^1.0.2"
        ]
      },
      "@std/cli@1.0.4": {
        "integrity": "79ca75add572a99a8ba93ae37ccbd8d43fb4e2b635a8a7ebebb4f2d092048764"
      },
      "@std/dotenv@0.225.1": {
        "integrity": "138f31352843d76cfb6cda1b860e8aac6d02ce3b05e7e236a81bf285a9868d0c"
      },
      "@std/internal@1.0.2": {
        "integrity": "f4cabe2021352e8bfc24e6569700df87bf070914fc38d4b23eddd20108ac4495"
      }
    },
    "npm": {
      "@discordeno/bot@19.0.0-next.6584a3b": {
        "integrity": "sha512-68WrRYDPQBo6t708YvX5kflBijH1JjGyfiVUnxG79FH8YxOMi91MugOzQyeeE3rcsI99Ooa6rUmked55SunIaA==",
        "dependencies": {
          "@discordeno/gateway": "@discordeno/gateway@19.0.0-next.6584a3b",
          "@discordeno/rest": "@discordeno/rest@19.0.0-next.6584a3b",
          "@discordeno/types": "@discordeno/types@19.0.0-next.6584a3b",
          "@discordeno/utils": "@discordeno/utils@19.0.0-next.6584a3b"
        }
      },
      "@discordeno/gateway@19.0.0-next.6584a3b": {
        "integrity": "sha512-zPYLoR8azMJF2TXKbJrC7ssFwpaoDSqLJU43OD2M6GGwJwffkGE1ckd4oGvzA9gn4D8Gf8TII3rSM95jbWuhpg==",
        "dependencies": {
          "@discordeno/types": "@discordeno/types@19.0.0-next.6584a3b",
          "@discordeno/utils": "@discordeno/utils@19.0.0-next.6584a3b",
          "ws": "ws@8.18.0"
        }
      },
      "@discordeno/rest@19.0.0-next.6584a3b": {
        "integrity": "sha512-31WbW6EKPKi7sdd0O64jMmLA3GB7QOmr/93j+cLTPvBDPjyC0NS0O+24oiejznwShTHgEiNOM89jC4mYzJ5G7w==",
        "dependencies": {
          "@discordeno/types": "@discordeno/types@19.0.0-next.6584a3b",
          "@discordeno/utils": "@discordeno/utils@19.0.0-next.6584a3b"
        }
      },
      "@discordeno/types@19.0.0-next.6584a3b": {
        "integrity": "sha512-IDtYkfgAkz+/xy2rcpu5+BdiHImbnwGt7/Ja/LCd+Nl0IOEHVguDRc6xjV7ImVrwDcqSYgrMVE7ZD422yzssXg==",
        "dependencies": {}
      },
      "@discordeno/utils@19.0.0-next.6584a3b": {
        "integrity": "sha512-hZQalMZlEzjTDO9g6kiLOBlULt+kwnDLuRbTup3cjZmgb0Z/ypFmY4G8gWEaHbaxHJHs73GGygqbzj8VVoB9+g==",
        "dependencies": {
          "@discordeno/types": "@discordeno/types@19.0.0-next.6584a3b"
        }
      },
      "@line/bot-sdk@9.3.1": {
        "integrity": "sha512-Cb+KpVp4VYhJeeq6U75HXEZ9c+GgB5p4lHvX7wmFx3Q91uH+aRvJTEVRlqFHHEbhNgaeNGp3KrNnVKN8FUtS3A==",
        "dependencies": {
          "@types/node": "@types/node@20.14.15",
          "axios": "axios@1.7.6"
        }
      },
      "@types/node@20.14.15": {
        "integrity": "sha512-Fz1xDMCF/B00/tYSVMlmK7hVeLh7jE5f3B7X1/hmV0MJBwE27KlS7EvD/Yp+z1lm8mVhwV5w+n8jOZG8AfTlKw==",
        "dependencies": {
          "undici-types": "undici-types@5.26.5"
        }
      },
      "asynckit@0.4.0": {
        "integrity": "sha512-Oei9OH4tRh0YqU3GxhX79dM/mwVgvbZJaSNaRk+bshkj0S5cfHcgYakreBjrHwatXKbz+IoIdYLxrKim2MjW0Q==",
        "dependencies": {}
      },
      "axios@1.7.6": {
        "integrity": "sha512-Ekur6XDwhnJ5RgOCaxFnXyqlPALI3rVeukZMwOdfghW7/wGz784BYKiQq+QD8NPcr91KRo30KfHOchyijwWw7g==",
        "dependencies": {
          "follow-redirects": "follow-redirects@1.15.6",
          "form-data": "form-data@4.0.0",
          "proxy-from-env": "proxy-from-env@1.1.0"
        }
      },
      "combined-stream@1.0.8": {
        "integrity": "sha512-FQN4MRfuJeHf7cBbBMJFXhKSDq+2kAArBlmRBvcvFE5BB1HZKXtSFASDhdlz9zOYwxh8lDdnvmMOe/+5cdoEdg==",
        "dependencies": {
          "delayed-stream": "delayed-stream@1.0.0"
        }
      },
      "delayed-stream@1.0.0": {
        "integrity": "sha512-ZySD7Nf91aLB0RxL4KGrKHBXl7Eds1DAmEdcoVawXnLD7SDhpNgtuII2aAkg7a7QS41jxPSZ17p4VdGnMHk3MQ==",
        "dependencies": {}
      },
      "follow-redirects@1.15.6": {
        "integrity": "sha512-wWN62YITEaOpSK584EZXJafH1AGpO8RVgElfkuXbTOrPX4fIfOyEpW/CsiNd8JdYrAoOvafRTOEnvsO++qCqFA==",
        "dependencies": {}
      },
      "form-data@4.0.0": {
        "integrity": "sha512-ETEklSGi5t0QMZuiXoA/Q6vcnxcLQP5vdugSpuAyi6SVGi2clPPp+xgEhuMaHC+zGgn31Kd235W35f7Hykkaww==",
        "dependencies": {
          "asynckit": "asynckit@0.4.0",
          "combined-stream": "combined-stream@1.0.8",
          "mime-types": "mime-types@2.1.35"
        }
      },
      "ky@1.7.1": {
        "integrity": "sha512-KJ/IXXkFhTDqxcN8wKqMXk1/UoOpc0UnOB6H7QcqlPInh/M2B5Mlj+i9exez1w4RSwJhNFmHiUDPriAYFwb5VA==",
        "dependencies": {}
      },
      "mime-db@1.52.0": {
        "integrity": "sha512-sPU4uV7dYlvtWJxwwxHD0PuihVNiE7TyAbQ5SWxDCB9mUYvOgroQOwYQQOKPJ8CIbE+1ETVlOoK1UC2nU3gYvg==",
        "dependencies": {}
      },
      "mime-types@2.1.35": {
        "integrity": "sha512-ZDY+bPm5zTTF+YpCrAU9nK0UgICYPT0QtT1NZWFv4s++TNkcgVaT0g6+4R2uI4MjQjzysHB1zxuWL50hzaeXiw==",
        "dependencies": {
          "mime-db": "mime-db@1.52.0"
        }
      },
      "proxy-from-env@1.1.0": {
        "integrity": "sha512-D+zkORCbA9f1tdWRK0RaCR3GPv50cMxcrz4X8k5LTSUD1Dkw47mKJEZQNunItRTkWwgtaUSo1RVFRIG9ZXiFYg==",
        "dependencies": {}
      },
      "undici-types@5.26.5": {
        "integrity": "sha512-JlCMO+ehdEIKqlFxk6IfVoAUVmgz7cU7zD/h9XZ0qzeosSHmUJVOzSQvvYSYWXkFXC+IfLKSIffhv0sVZup6pA==",
        "dependencies": {}
      },
      "ws@8.18.0": {
        "integrity": "sha512-8VbfWfHLbbwu3+N6OKsOMpBdT4kXPDDB9cJk2bJ6mh9ucxdlnNvH1e+roYkKmN9Nxw2yjz7VzeO9oOz2zJ04Pw==",
        "dependencies": {}
      }
    }
  },
  "remote": {},
  "workspace": {
    "dependencies": [
      "jsr:@hono/hono@^4.5.10",
      "jsr:@std/assert@1",
      "jsr:@std/cli@^1.0.4",
      "jsr:@std/dotenv@^0.225.1",
      "npm:@discordeno/bot",
      "npm:@line/bot-sdk@^9.3.1",
      "npm:ky@^1.7.1"
    ]
  }
}
